
Microsoft Visual Studio Solution File, Format Version 12.00
# Visual Studio Version 17
VisualStudioVersion = 17.11.35327.3
MinimumVisualStudioVersion = 10.0.40219.1
Project("{FAE04EC0-301F-11D3-BF4B-00C04F79EFBC}") = "ABC", "ABC.csproj", "{DEC8A7CB-8A42-4907-BD07-1A960F4EC499}"
EndProject
Global
	GlobalSection(SolutionConfigurationPlatforms) = preSolution
		Debug|Any CPU = Debug|Any CPU
		Release|Any CPU = Release|Any CPU
	EndGlobalSection
	GlobalSection(ProjectConfigurationPlatforms) = postSolution
		{DEC8A7CB-8A42-4907-BD07-1A960F4EC499}.Debug|Any CPU.ActiveCfg = Debug|Any CPU
		{DEC8A7CB-8A42-4907-BD07-1A960F4EC499}.Debug|Any CPU.Build.0 = Debug|Any CPU
		{DEC8A7CB-8A42-4907-BD07-1A960F4EC499}.Release|Any CPU.ActiveCfg = Release|Any CPU
		{DEC8A7CB-8A42-4907-BD07-1A960F4EC499}.Release|Any CPU.Build.0 = Release|Any CPU
	EndGlobalSection
	GlobalSection(SolutionProperties) = preSolution
		HideSolutionNode = FALSE
	EndGlobalSection
	GlobalSection(ExtensibilityGlobals) = postSolution
		SolutionGuid = {4EBD69E2-9380-481C-85C6-C2D13474A0A2}
	EndGlobalSection
EndGlobal
